// !$*UTF8*$!
{
	archiveVersion = 1;
	classes = {
	};
	objectVersion = 56;
	objects = {

/* Begin PBXBuildFile section */
		D8040DDF28FF326900F7CAA6 /* Rubic-Neue.ttf in Resources */ = {isa = PBXBuildFile; fileRef = D883E4DD28FD222800F02D26 /* Rubic-Neue.ttf */; };
		D8040DE028FF326C00F7CAA6 /* Rubik-Regular.ttf in Resources */ = {isa = PBXBuildFile; fileRef = D883E4DF28FD238900F02D26 /* Rubik-Regular.ttf */; };
		D8040DE128FF326F00F7CAA6 /* Rubik-Medium.ttf in Resources */ = {isa = PBXBuildFile; fileRef = D883E4E428FD32D800F02D26 /* Rubik-Medium.ttf */; };
		D808688628F894D500787790 /* AppDelegate.swift in Sources */ = {isa = PBXBuildFile; fileRef = D808688528F894D500787790 /* AppDelegate.swift */; };
		D808689D28F894D500787790 /* WeatherTests.swift in Sources */ = {isa = PBXBuildFile; fileRef = D808689C28F894D500787790 /* WeatherTests.swift */; };
		D80868A728F894D500787790 /* WeatherUITests.swift in Sources */ = {isa = PBXBuildFile; fileRef = D80868A628F894D500787790 /* WeatherUITests.swift */; };
		D80868A928F894D500787790 /* WeatherUITestsLaunchTests.swift in Sources */ = {isa = PBXBuildFile; fileRef = D80868A828F894D500787790 /* WeatherUITestsLaunchTests.swift */; };
		D85936DD28FC433B0015A116 /* AppManager.swift in Sources */ = {isa = PBXBuildFile; fileRef = D85936DC28FC433B0015A116 /* AppManager.swift */; };
		D85936E228FC44EF0015A116 /* Alamofire in Frameworks */ = {isa = PBXBuildFile; productRef = D85936E128FC44EF0015A116 /* Alamofire */; };
		D85936E428FC45040015A116 /* NetworkService.swift in Sources */ = {isa = PBXBuildFile; fileRef = D85936E328FC45040015A116 /* NetworkService.swift */; };
		D85936F828FC4E570015A116 /* AccessToLocationViewController.swift in Sources */ = {isa = PBXBuildFile; fileRef = D85936F728FC4E570015A116 /* AccessToLocationViewController.swift */; };
		D85936FA28FC4E690015A116 /* AccessToLocationView.swift in Sources */ = {isa = PBXBuildFile; fileRef = D85936F928FC4E690015A116 /* AccessToLocationView.swift */; };
		D85936FD28FC674C0015A116 /* SnapKit in Frameworks */ = {isa = PBXBuildFile; productRef = D85936FC28FC674C0015A116 /* SnapKit */; };
		D859371028FC6F930015A116 /* Extension+UIView.swift in Sources */ = {isa = PBXBuildFile; fileRef = D859370F28FC6F930015A116 /* Extension+UIView.swift */; };
		D874380B28FF3064003F91A6 /* LaunchScreen.storyboard in Resources */ = {isa = PBXBuildFile; fileRef = D808689028F894D500787790 /* LaunchScreen.storyboard */; };
		D874380C28FF3071003F91A6 /* LaunchScreen.storyboard in Resources */ = {isa = PBXBuildFile; fileRef = D808689028F894D500787790 /* LaunchScreen.storyboard */; };
		D874380D28FF3071003F91A6 /* LaunchScreen.storyboard in Resources */ = {isa = PBXBuildFile; fileRef = D808689028F894D500787790 /* LaunchScreen.storyboard */; };
		D874381228FF3187003F91A6 /* Assets.xcassets in Resources */ = {isa = PBXBuildFile; fileRef = D808688E28F894D500787790 /* Assets.xcassets */; };
		D883E4E328FD2DF400F02D26 /* Extension+UIColor.swift in Sources */ = {isa = PBXBuildFile; fileRef = D883E4E228FD2DF400F02D26 /* Extension+UIColor.swift */; };
		D883E4ED28FD7F6600F02D26 /* AppLocationManager.swift in Sources */ = {isa = PBXBuildFile; fileRef = D883E4EC28FD7F6600F02D26 /* AppLocationManager.swift */; };
		D8E4A11F290B093C00B41167 /* UserDefaultsManager.swift in Sources */ = {isa = PBXBuildFile; fileRef = D8E4A11E290B093C00B41167 /* UserDefaultsManager.swift */; };
		D8E4A121290B157500B41167 /* EnumKeysForUserDefaults.swift in Sources */ = {isa = PBXBuildFile; fileRef = D8E4A120290B157500B41167 /* EnumKeysForUserDefaults.swift */; };
		D8E7B4D0290E5B7800E76EED /* AccessToLocationRouter.swift in Sources */ = {isa = PBXBuildFile; fileRef = D8E7B4CF290E5B7800E76EED /* AccessToLocationRouter.swift */; };
		D8E7B4D2290E633800E76EED /* Extension+NSNotification.Name.swift in Sources */ = {isa = PBXBuildFile; fileRef = D8E7B4D1290E633800E76EED /* Extension+NSNotification.Name.swift */; };
		D8E7B4D9290E8A6300E76EED /* SettingsView.swift in Sources */ = {isa = PBXBuildFile; fileRef = D8E7B4D8290E8A6300E76EED /* SettingsView.swift */; };
		D8E7B4DB290E8A7300E76EED /* SettingsViewController.swift in Sources */ = {isa = PBXBuildFile; fileRef = D8E7B4DA290E8A7300E76EED /* SettingsViewController.swift */; };
		D8E7B4DE290ECDC500E76EED /* BetterSegmentedControl in Frameworks */ = {isa = PBXBuildFile; productRef = D8E7B4DD290ECDC500E76EED /* BetterSegmentedControl */; };
/* End PBXBuildFile section */

/* Begin PBXContainerItemProxy section */
		D808689928F894D500787790 /* PBXContainerItemProxy */ = {
			isa = PBXContainerItemProxy;
			containerPortal = D808687A28F894D400787790 /* Project object */;
			proxyType = 1;
			remoteGlobalIDString = D808688128F894D500787790;
			remoteInfo = Weather;
		};
		D80868A328F894D500787790 /* PBXContainerItemProxy */ = {
			isa = PBXContainerItemProxy;
			containerPortal = D808687A28F894D400787790 /* Project object */;
			proxyType = 1;
			remoteGlobalIDString = D808688128F894D500787790;
			remoteInfo = Weather;
		};
/* End PBXContainerItemProxy section */

/* Begin PBXFileReference section */
		D808688228F894D500787790 /* Weather.app */ = {isa = PBXFileReference; explicitFileType = wrapper.application; includeInIndex = 0; path = Weather.app; sourceTree = BUILT_PRODUCTS_DIR; };
		D808688528F894D500787790 /* AppDelegate.swift */ = {isa = PBXFileReference; lastKnownFileType = sourcecode.swift; path = AppDelegate.swift; sourceTree = "<group>"; };
		D808688E28F894D500787790 /* Assets.xcassets */ = {isa = PBXFileReference; lastKnownFileType = folder.assetcatalog; path = Assets.xcassets; sourceTree = "<group>"; };
		D808689128F894D500787790 /* Base */ = {isa = PBXFileReference; lastKnownFileType = file.storyboard; name = Base; path = Base.lproj/LaunchScreen.storyboard; sourceTree = "<group>"; };
		D808689328F894D500787790 /* Info.plist */ = {isa = PBXFileReference; lastKnownFileType = text.plist.xml; name = Info.plist; path = Weather/Resources/Info.plist; sourceTree = SOURCE_ROOT; };
		D808689828F894D500787790 /* WeatherTests.xctest */ = {isa = PBXFileReference; explicitFileType = wrapper.cfbundle; includeInIndex = 0; path = WeatherTests.xctest; sourceTree = BUILT_PRODUCTS_DIR; };
		D808689C28F894D500787790 /* WeatherTests.swift */ = {isa = PBXFileReference; lastKnownFileType = sourcecode.swift; path = WeatherTests.swift; sourceTree = "<group>"; };
		D80868A228F894D500787790 /* WeatherUITests.xctest */ = {isa = PBXFileReference; explicitFileType = wrapper.cfbundle; includeInIndex = 0; path = WeatherUITests.xctest; sourceTree = BUILT_PRODUCTS_DIR; };
		D80868A628F894D500787790 /* WeatherUITests.swift */ = {isa = PBXFileReference; lastKnownFileType = sourcecode.swift; path = WeatherUITests.swift; sourceTree = "<group>"; };
		D80868A828F894D500787790 /* WeatherUITestsLaunchTests.swift */ = {isa = PBXFileReference; lastKnownFileType = sourcecode.swift; path = WeatherUITestsLaunchTests.swift; sourceTree = "<group>"; };
		D85936DC28FC433B0015A116 /* AppManager.swift */ = {isa = PBXFileReference; lastKnownFileType = sourcecode.swift; path = AppManager.swift; sourceTree = "<group>"; };
		D85936E328FC45040015A116 /* NetworkService.swift */ = {isa = PBXFileReference; lastKnownFileType = sourcecode.swift; path = NetworkService.swift; sourceTree = "<group>"; };
		D85936F728FC4E570015A116 /* AccessToLocationViewController.swift */ = {isa = PBXFileReference; lastKnownFileType = sourcecode.swift; path = AccessToLocationViewController.swift; sourceTree = "<group>"; };
		D85936F928FC4E690015A116 /* AccessToLocationView.swift */ = {isa = PBXFileReference; lastKnownFileType = sourcecode.swift; path = AccessToLocationView.swift; sourceTree = "<group>"; };
		D859370F28FC6F930015A116 /* Extension+UIView.swift */ = {isa = PBXFileReference; lastKnownFileType = sourcecode.swift; path = "Extension+UIView.swift"; sourceTree = "<group>"; };
		D87437E428FEFDCE003F91A6 /* icon_29pt.png */ = {isa = PBXFileReference; lastKnownFileType = image.png; path = icon_29pt.png; sourceTree = "<group>"; };
		D87437E528FEFDCE003F91A6 /* icon_40pt.png */ = {isa = PBXFileReference; lastKnownFileType = image.png; path = icon_40pt.png; sourceTree = "<group>"; };
		D87437E628FEFDCE003F91A6 /* Icon.png */ = {isa = PBXFileReference; lastKnownFileType = image.png; path = Icon.png; sourceTree = "<group>"; };
		D87437E728FEFDCE003F91A6 /* icon_29pt@2x.png */ = {isa = PBXFileReference; lastKnownFileType = image.png; path = "icon_29pt@2x.png"; sourceTree = "<group>"; };
		D87437E828FEFDCE003F91A6 /* icon_83.5@2x.png */ = {isa = PBXFileReference; lastKnownFileType = image.png; path = "icon_83.5@2x.png"; sourceTree = "<group>"; };
		D87437E928FEFDCF003F91A6 /* icon_76pt.png */ = {isa = PBXFileReference; lastKnownFileType = image.png; path = icon_76pt.png; sourceTree = "<group>"; };
		D87437EA28FEFDCF003F91A6 /* icon_20pt@3x.png */ = {isa = PBXFileReference; lastKnownFileType = image.png; path = "icon_20pt@3x.png"; sourceTree = "<group>"; };
		D87437EB28FEFDCF003F91A6 /* icon_40pt@2x.png */ = {isa = PBXFileReference; lastKnownFileType = image.png; path = "icon_40pt@2x.png"; sourceTree = "<group>"; };
		D87437EC28FEFDCF003F91A6 /* free-icon-sun-1040443.png */ = {isa = PBXFileReference; lastKnownFileType = image.png; path = "free-icon-sun-1040443.png"; sourceTree = "<group>"; };
		D87437ED28FEFDCF003F91A6 /* icon_29pt@3x.png */ = {isa = PBXFileReference; lastKnownFileType = image.png; path = "icon_29pt@3x.png"; sourceTree = "<group>"; };
		D87437EE28FEFDCF003F91A6 /* icon_60pt@2x.png */ = {isa = PBXFileReference; lastKnownFileType = image.png; path = "icon_60pt@2x.png"; sourceTree = "<group>"; };
		D87437EF28FEFDCF003F91A6 /* icon_76pt@2x.png */ = {isa = PBXFileReference; lastKnownFileType = image.png; path = "icon_76pt@2x.png"; sourceTree = "<group>"; };
		D87437F028FEFDCF003F91A6 /* icon_20pt.png */ = {isa = PBXFileReference; lastKnownFileType = image.png; path = icon_20pt.png; sourceTree = "<group>"; };
		D87437F128FEFDCF003F91A6 /* icon_60pt@3x.png */ = {isa = PBXFileReference; lastKnownFileType = image.png; path = "icon_60pt@3x.png"; sourceTree = "<group>"; };
		D87437F228FEFDCF003F91A6 /* iOS App Icon Template.png */ = {isa = PBXFileReference; lastKnownFileType = image.png; path = "iOS App Icon Template.png"; sourceTree = "<group>"; };
		D87437F328FEFDCF003F91A6 /* icon_40pt@3x.png */ = {isa = PBXFileReference; lastKnownFileType = image.png; path = "icon_40pt@3x.png"; sourceTree = "<group>"; };
		D87437F428FEFDD0003F91A6 /* icon_20pt@2x.png */ = {isa = PBXFileReference; lastKnownFileType = image.png; path = "icon_20pt@2x.png"; sourceTree = "<group>"; };
		D883E4DD28FD222800F02D26 /* Rubic-Neue.ttf */ = {isa = PBXFileReference; lastKnownFileType = file; path = "Rubic-Neue.ttf"; sourceTree = "<group>"; };
		D883E4DF28FD238900F02D26 /* Rubik-Regular.ttf */ = {isa = PBXFileReference; lastKnownFileType = file; path = "Rubik-Regular.ttf"; sourceTree = "<group>"; };
		D883E4E228FD2DF400F02D26 /* Extension+UIColor.swift */ = {isa = PBXFileReference; lastKnownFileType = sourcecode.swift; path = "Extension+UIColor.swift"; sourceTree = "<group>"; };
		D883E4E428FD32D800F02D26 /* Rubik-Medium.ttf */ = {isa = PBXFileReference; lastKnownFileType = file; path = "Rubik-Medium.ttf"; sourceTree = "<group>"; };
		D883E4EC28FD7F6600F02D26 /* AppLocationManager.swift */ = {isa = PBXFileReference; lastKnownFileType = sourcecode.swift; path = AppLocationManager.swift; sourceTree = "<group>"; };
		D8E4A11E290B093C00B41167 /* UserDefaultsManager.swift */ = {isa = PBXFileReference; lastKnownFileType = sourcecode.swift; path = UserDefaultsManager.swift; sourceTree = "<group>"; };
		D8E4A120290B157500B41167 /* EnumKeysForUserDefaults.swift */ = {isa = PBXFileReference; lastKnownFileType = sourcecode.swift; path = EnumKeysForUserDefaults.swift; sourceTree = "<group>"; };
		D8E7B4CF290E5B7800E76EED /* AccessToLocationRouter.swift */ = {isa = PBXFileReference; lastKnownFileType = sourcecode.swift; path = AccessToLocationRouter.swift; sourceTree = "<group>"; };
		D8E7B4D1290E633800E76EED /* Extension+NSNotification.Name.swift */ = {isa = PBXFileReference; lastKnownFileType = sourcecode.swift; path = "Extension+NSNotification.Name.swift"; sourceTree = "<group>"; };
		D8E7B4D8290E8A6300E76EED /* SettingsView.swift */ = {isa = PBXFileReference; lastKnownFileType = sourcecode.swift; path = SettingsView.swift; sourceTree = "<group>"; };
		D8E7B4DA290E8A7300E76EED /* SettingsViewController.swift */ = {isa = PBXFileReference; lastKnownFileType = sourcecode.swift; path = SettingsViewController.swift; sourceTree = "<group>"; };
/* End PBXFileReference section */

/* Begin PBXFrameworksBuildPhase section */
		D808687F28F894D500787790 /* Frameworks */ = {
			isa = PBXFrameworksBuildPhase;
			buildActionMask = 2147483647;
			files = (
				D85936E228FC44EF0015A116 /* Alamofire in Frameworks */,
				D85936FD28FC674C0015A116 /* SnapKit in Frameworks */,
				D8E7B4DE290ECDC500E76EED /* BetterSegmentedControl in Frameworks */,
			);
			runOnlyForDeploymentPostprocessing = 0;
		};
		D808689528F894D500787790 /* Frameworks */ = {
			isa = PBXFrameworksBuildPhase;
			buildActionMask = 2147483647;
			files = (
			);
			runOnlyForDeploymentPostprocessing = 0;
		};
		D808689F28F894D500787790 /* Frameworks */ = {
			isa = PBXFrameworksBuildPhase;
			buildActionMask = 2147483647;
			files = (
			);
			runOnlyForDeploymentPostprocessing = 0;
		};
/* End PBXFrameworksBuildPhase section */

/* Begin PBXGroup section */
		D808687928F894D400787790 = {
			isa = PBXGroup;
			children = (
				D808688428F894D500787790 /* Weather */,
				D808688528F894D500787790 /* AppDelegate.swift */,
				D85936DC28FC433B0015A116 /* AppManager.swift */,
				D808689028F894D500787790 /* LaunchScreen.storyboard */,
				D808689B28F894D500787790 /* WeatherTests */,
				D80868A528F894D500787790 /* WeatherUITests */,
				D808688328F894D500787790 /* Products */,
			);
			sourceTree = "<group>";
		};
		D808688328F894D500787790 /* Products */ = {
			isa = PBXGroup;
			children = (
				D808688228F894D500787790 /* Weather.app */,
				D808689828F894D500787790 /* WeatherTests.xctest */,
				D80868A228F894D500787790 /* WeatherUITests.xctest */,
			);
			name = Products;
			sourceTree = "<group>";
		};
		D808688428F894D500787790 /* Weather */ = {
			isa = PBXGroup;
			children = (
				D85936D828FC42600015A116 /* Scenes */,
				D85936DA28FC42EE0015A116 /* Models */,
				D85936DB28FC42FB0015A116 /* Workers */,
				D85936DE28FC43480015A116 /* Services */,
				D859370E28FC6F680015A116 /* Extensions&Enums */,
				D85936D928FC42C60015A116 /* Resources */,
			);
			path = Weather;
			sourceTree = "<group>";
		};
		D808689B28F894D500787790 /* WeatherTests */ = {
			isa = PBXGroup;
			children = (
				D808689C28F894D500787790 /* WeatherTests.swift */,
			);
			path = WeatherTests;
			sourceTree = "<group>";
		};
		D80868A528F894D500787790 /* WeatherUITests */ = {
			isa = PBXGroup;
			children = (
				D80868A628F894D500787790 /* WeatherUITests.swift */,
				D80868A828F894D500787790 /* WeatherUITestsLaunchTests.swift */,
			);
			path = WeatherUITests;
			sourceTree = "<group>";
		};
		D85936D828FC42600015A116 /* Scenes */ = {
			isa = PBXGroup;
			children = (
				D85936EA28FC4C2C0015A116 /* AccessToLocation */,
				D8E7B4D7290E8A0500E76EED /* SettingsScreen */,
			);
			name = Scenes;
			sourceTree = "<group>";
		};
		D85936D928FC42C60015A116 /* Resources */ = {
			isa = PBXGroup;
			children = (
				D87437E328FEFDAB003F91A6 /* AppIcons */,
				D85936FE28FC68080015A116 /* Fonts */,
				D808688E28F894D500787790 /* Assets.xcassets */,
				D808689328F894D500787790 /* Info.plist */,
			);
			path = Resources;
			sourceTree = "<group>";
		};
		D85936DA28FC42EE0015A116 /* Models */ = {
			isa = PBXGroup;
			children = (
			);
			name = Models;
			sourceTree = "<group>";
		};
		D85936DB28FC42FB0015A116 /* Workers */ = {
			isa = PBXGroup;
			children = (
			);
			path = Workers;
			sourceTree = "<group>";
		};
		D85936DE28FC43480015A116 /* Services */ = {
			isa = PBXGroup;
			children = (
				D883E4EB28FD7E2A00F02D26 /* Location */,
				D85936E528FC450B0015A116 /* Network */,
				D85936E628FC45160015A116 /* Database */,
				D85936E728FC452B0015A116 /* UserDefaults */,
			);
			name = Services;
			sourceTree = "<group>";
		};
		D85936E528FC450B0015A116 /* Network */ = {
			isa = PBXGroup;
			children = (
				D85936E328FC45040015A116 /* NetworkService.swift */,
			);
			path = Network;
			sourceTree = "<group>";
		};
		D85936E628FC45160015A116 /* Database */ = {
			isa = PBXGroup;
			children = (
			);
			name = Database;
			sourceTree = "<group>";
		};
		D85936E728FC452B0015A116 /* UserDefaults */ = {
			isa = PBXGroup;
			children = (
				D8E4A11E290B093C00B41167 /* UserDefaultsManager.swift */,
			);
			name = UserDefaults;
			sourceTree = "<group>";
		};
		D85936EA28FC4C2C0015A116 /* AccessToLocation */ = {
			isa = PBXGroup;
			children = (
				D85936F928FC4E690015A116 /* AccessToLocationView.swift */,
				D85936F728FC4E570015A116 /* AccessToLocationViewController.swift */,
				D8E7B4CF290E5B7800E76EED /* AccessToLocationRouter.swift */,
			);
			path = AccessToLocation;
			sourceTree = "<group>";
		};
		D85936FE28FC68080015A116 /* Fonts */ = {
			isa = PBXGroup;
			children = (
				D883E4DD28FD222800F02D26 /* Rubic-Neue.ttf */,
				D883E4DF28FD238900F02D26 /* Rubik-Regular.ttf */,
				D883E4E428FD32D800F02D26 /* Rubik-Medium.ttf */,
			);
			name = Fonts;
			sourceTree = "<group>";
		};
		D859370E28FC6F680015A116 /* Extensions&Enums */ = {
			isa = PBXGroup;
			children = (
				D859370F28FC6F930015A116 /* Extension+UIView.swift */,
				D883E4E228FD2DF400F02D26 /* Extension+UIColor.swift */,
				D8E7B4D1290E633800E76EED /* Extension+NSNotification.Name.swift */,
				D8E4A120290B157500B41167 /* EnumKeysForUserDefaults.swift */,
			);
			path = "Extensions&Enums";
			sourceTree = "<group>";
		};
		D87437E328FEFDAB003F91A6 /* AppIcons */ = {
			isa = PBXGroup;
			children = (
				D87437EC28FEFDCF003F91A6 /* free-icon-sun-1040443.png */,
				D87437F028FEFDCF003F91A6 /* icon_20pt.png */,
				D87437F428FEFDD0003F91A6 /* icon_20pt@2x.png */,
				D87437EA28FEFDCF003F91A6 /* icon_20pt@3x.png */,
				D87437E428FEFDCE003F91A6 /* icon_29pt.png */,
				D87437E728FEFDCE003F91A6 /* icon_29pt@2x.png */,
				D87437ED28FEFDCF003F91A6 /* icon_29pt@3x.png */,
				D87437E528FEFDCE003F91A6 /* icon_40pt.png */,
				D87437EB28FEFDCF003F91A6 /* icon_40pt@2x.png */,
				D87437F328FEFDCF003F91A6 /* icon_40pt@3x.png */,
				D87437EE28FEFDCF003F91A6 /* icon_60pt@2x.png */,
				D87437F128FEFDCF003F91A6 /* icon_60pt@3x.png */,
				D87437E928FEFDCF003F91A6 /* icon_76pt.png */,
				D87437EF28FEFDCF003F91A6 /* icon_76pt@2x.png */,
				D87437E828FEFDCE003F91A6 /* icon_83.5@2x.png */,
				D87437E628FEFDCE003F91A6 /* Icon.png */,
				D87437F228FEFDCF003F91A6 /* iOS App Icon Template.png */,
			);
			path = AppIcons;
			sourceTree = "<group>";
		};
		D883E4EB28FD7E2A00F02D26 /* Location */ = {
			isa = PBXGroup;
			children = (
				D883E4EC28FD7F6600F02D26 /* AppLocationManager.swift */,
			);
			path = Location;
			sourceTree = "<group>";
		};
		D8E7B4D7290E8A0500E76EED /* SettingsScreen */ = {
			isa = PBXGroup;
			children = (
				D8E7B4D8290E8A6300E76EED /* SettingsView.swift */,
				D8E7B4DA290E8A7300E76EED /* SettingsViewController.swift */,
			);
			name = SettingsScreen;
			sourceTree = "<group>";
		};
/* End PBXGroup section */

/* Begin PBXNativeTarget section */
		D808688128F894D500787790 /* Weather */ = {
			isa = PBXNativeTarget;
			buildConfigurationList = D80868AC28F894D500787790 /* Build configuration list for PBXNativeTarget "Weather" */;
			buildPhases = (
				D808687E28F894D500787790 /* Sources */,
				D808687F28F894D500787790 /* Frameworks */,
				D808688028F894D500787790 /* Resources */,
			);
			buildRules = (
			);
			dependencies = (
			);
			name = Weather;
			packageProductDependencies = (
				D85936E128FC44EF0015A116 /* Alamofire */,
				D85936FC28FC674C0015A116 /* SnapKit */,
				D8E7B4DD290ECDC500E76EED /* BetterSegmentedControl */,
			);
			productName = Weather;
			productReference = D808688228F894D500787790 /* Weather.app */;
			productType = "com.apple.product-type.application";
		};
		D808689728F894D500787790 /* WeatherTests */ = {
			isa = PBXNativeTarget;
			buildConfigurationList = D80868AF28F894D500787790 /* Build configuration list for PBXNativeTarget "WeatherTests" */;
			buildPhases = (
				D808689428F894D500787790 /* Sources */,
				D808689528F894D500787790 /* Frameworks */,
				D808689628F894D500787790 /* Resources */,
			);
			buildRules = (
			);
			dependencies = (
				D808689A28F894D500787790 /* PBXTargetDependency */,
			);
			name = WeatherTests;
			productName = WeatherTests;
			productReference = D808689828F894D500787790 /* WeatherTests.xctest */;
			productType = "com.apple.product-type.bundle.unit-test";
		};
		D80868A128F894D500787790 /* WeatherUITests */ = {
			isa = PBXNativeTarget;
			buildConfigurationList = D80868B228F894D500787790 /* Build configuration list for PBXNativeTarget "WeatherUITests" */;
			buildPhases = (
				D808689E28F894D500787790 /* Sources */,
				D808689F28F894D500787790 /* Frameworks */,
				D80868A028F894D500787790 /* Resources */,
			);
			buildRules = (
			);
			dependencies = (
				D80868A428F894D500787790 /* PBXTargetDependency */,
			);
			name = WeatherUITests;
			productName = WeatherUITests;
			productReference = D80868A228F894D500787790 /* WeatherUITests.xctest */;
			productType = "com.apple.product-type.bundle.ui-testing";
		};
/* End PBXNativeTarget section */

/* Begin PBXProject section */
		D808687A28F894D400787790 /* Project object */ = {
			isa = PBXProject;
			attributes = {
				BuildIndependentTargetsInParallel = 1;
				LastSwiftUpdateCheck = 1400;
				LastUpgradeCheck = 1400;
				TargetAttributes = {
					D808688128F894D500787790 = {
						CreatedOnToolsVersion = 14.0.1;
					};
					D808689728F894D500787790 = {
						CreatedOnToolsVersion = 14.0.1;
						TestTargetID = D808688128F894D500787790;
					};
					D80868A128F894D500787790 = {
						CreatedOnToolsVersion = 14.0.1;
						TestTargetID = D808688128F894D500787790;
					};
				};
			};
			buildConfigurationList = D808687D28F894D400787790 /* Build configuration list for PBXProject "Weather" */;
			compatibilityVersion = "Xcode 14.0";
			developmentRegion = en;
			hasScannedForEncodings = 0;
			knownRegions = (
				en,
				Base,
			);
			mainGroup = D808687928F894D400787790;
			packageReferences = (
				D85936E028FC44EF0015A116 /* XCRemoteSwiftPackageReference "Alamofire" */,
				D85936FB28FC674C0015A116 /* XCRemoteSwiftPackageReference "SnapKit" */,
				D8E7B4DC290ECDC500E76EED /* XCRemoteSwiftPackageReference "BetterSegmentedControl" */,
			);
			productRefGroup = D808688328F894D500787790 /* Products */;
			projectDirPath = "";
			projectRoot = "";
			targets = (
				D808688128F894D500787790 /* Weather */,
				D808689728F894D500787790 /* WeatherTests */,
				D80868A128F894D500787790 /* WeatherUITests */,
			);
		};
/* End PBXProject section */

/* Begin PBXResourcesBuildPhase section */
		D808688028F894D500787790 /* Resources */ = {
			isa = PBXResourcesBuildPhase;
			buildActionMask = 2147483647;
			files = (
				D874381228FF3187003F91A6 /* Assets.xcassets in Resources */,
				D8040DE028FF326C00F7CAA6 /* Rubik-Regular.ttf in Resources */,
				D8040DDF28FF326900F7CAA6 /* Rubic-Neue.ttf in Resources */,
				D874380B28FF3064003F91A6 /* LaunchScreen.storyboard in Resources */,
				D8040DE128FF326F00F7CAA6 /* Rubik-Medium.ttf in Resources */,
			);
			runOnlyForDeploymentPostprocessing = 0;
		};
		D808689628F894D500787790 /* Resources */ = {
			isa = PBXResourcesBuildPhase;
			buildActionMask = 2147483647;
			files = (
				D874380C28FF3071003F91A6 /* LaunchScreen.storyboard in Resources */,
			);
			runOnlyForDeploymentPostprocessing = 0;
		};
		D80868A028F894D500787790 /* Resources */ = {
			isa = PBXResourcesBuildPhase;
			buildActionMask = 2147483647;
			files = (
				D874380D28FF3071003F91A6 /* LaunchScreen.storyboard in Resources */,
			);
			runOnlyForDeploymentPostprocessing = 0;
		};
/* End PBXResourcesBuildPhase section */

/* Begin PBXSourcesBuildPhase section */
		D808687E28F894D500787790 /* Sources */ = {
			isa = PBXSourcesBuildPhase;
			buildActionMask = 2147483647;
			files = (
				D883E4ED28FD7F6600F02D26 /* AppLocationManager.swift in Sources */,
				D8E4A121290B157500B41167 /* EnumKeysForUserDefaults.swift in Sources */,
				D8E7B4D0290E5B7800E76EED /* AccessToLocationRouter.swift in Sources */,
				D85936FA28FC4E690015A116 /* AccessToLocationView.swift in Sources */,
				D85936F828FC4E570015A116 /* AccessToLocationViewController.swift in Sources */,
				D859371028FC6F930015A116 /* Extension+UIView.swift in Sources */,
				D808688628F894D500787790 /* AppDelegate.swift in Sources */,
				D8E4A11F290B093C00B41167 /* UserDefaultsManager.swift in Sources */,
				D85936E428FC45040015A116 /* NetworkService.swift in Sources */,
				D8E7B4DB290E8A7300E76EED /* SettingsViewController.swift in Sources */,
				D85936DD28FC433B0015A116 /* AppManager.swift in Sources */,
				D8E7B4D2290E633800E76EED /* Extension+NSNotification.Name.swift in Sources */,
				D883E4E328FD2DF400F02D26 /* Extension+UIColor.swift in Sources */,
				D8E7B4D9290E8A6300E76EED /* SettingsView.swift in Sources */,
			);
			runOnlyForDeploymentPostprocessing = 0;
		};
		D808689428F894D500787790 /* Sources */ = {
			isa = PBXSourcesBuildPhase;
			buildActionMask = 2147483647;
			files = (
				D808689D28F894D500787790 /* WeatherTests.swift in Sources */,
			);
			runOnlyForDeploymentPostprocessing = 0;
		};
		D808689E28F894D500787790 /* Sources */ = {
			isa = PBXSourcesBuildPhase;
			buildActionMask = 2147483647;
			files = (
				D80868A728F894D500787790 /* WeatherUITests.swift in Sources */,
				D80868A928F894D500787790 /* WeatherUITestsLaunchTests.swift in Sources */,
			);
			runOnlyForDeploymentPostprocessing = 0;
		};
/* End PBXSourcesBuildPhase section */

/* Begin PBXTargetDependency section */
		D808689A28F894D500787790 /* PBXTargetDependency */ = {
			isa = PBXTargetDependency;
			target = D808688128F894D500787790 /* Weather */;
			targetProxy = D808689928F894D500787790 /* PBXContainerItemProxy */;
		};
		D80868A428F894D500787790 /* PBXTargetDependency */ = {
			isa = PBXTargetDependency;
			target = D808688128F894D500787790 /* Weather */;
			targetProxy = D80868A328F894D500787790 /* PBXContainerItemProxy */;
		};
/* End PBXTargetDependency section */

/* Begin PBXVariantGroup section */
		D808689028F894D500787790 /* LaunchScreen.storyboard */ = {
			isa = PBXVariantGroup;
			children = (
				D808689128F894D500787790 /* Base */,
			);
			name = LaunchScreen.storyboard;
			sourceTree = "<group>";
		};
/* End PBXVariantGroup section */

/* Begin XCBuildConfiguration section */
		D80868AA28F894D500787790 /* Debug */ = {
			isa = XCBuildConfiguration;
			buildSettings = {
				ALWAYS_SEARCH_USER_PATHS = NO;
				CLANG_ANALYZER_NONNULL = YES;
				CLANG_ANALYZER_NUMBER_OBJECT_CONVERSION = YES_AGGRESSIVE;
				CLANG_CXX_LANGUAGE_STANDARD = "gnu++20";
				CLANG_ENABLE_MODULES = YES;
				CLANG_ENABLE_OBJC_ARC = YES;
				CLANG_ENABLE_OBJC_WEAK = YES;
				CLANG_WARN_BLOCK_CAPTURE_AUTORELEASING = YES;
				CLANG_WARN_BOOL_CONVERSION = YES;
				CLANG_WARN_COMMA = YES;
				CLANG_WARN_CONSTANT_CONVERSION = YES;
				CLANG_WARN_DEPRECATED_OBJC_IMPLEMENTATIONS = YES;
				CLANG_WARN_DIRECT_OBJC_ISA_USAGE = YES_ERROR;
				CLANG_WARN_DOCUMENTATION_COMMENTS = YES;
				CLANG_WARN_EMPTY_BODY = YES;
				CLANG_WARN_ENUM_CONVERSION = YES;
				CLANG_WARN_INFINITE_RECURSION = YES;
				CLANG_WARN_INT_CONVERSION = YES;
				CLANG_WARN_NON_LITERAL_NULL_CONVERSION = YES;
				CLANG_WARN_OBJC_IMPLICIT_RETAIN_SELF = YES;
				CLANG_WARN_OBJC_LITERAL_CONVERSION = YES;
				CLANG_WARN_OBJC_ROOT_CLASS = YES_ERROR;
				CLANG_WARN_QUOTED_INCLUDE_IN_FRAMEWORK_HEADER = YES;
				CLANG_WARN_RANGE_LOOP_ANALYSIS = YES;
				CLANG_WARN_STRICT_PROTOTYPES = YES;
				CLANG_WARN_SUSPICIOUS_MOVE = YES;
				CLANG_WARN_UNGUARDED_AVAILABILITY = YES_AGGRESSIVE;
				CLANG_WARN_UNREACHABLE_CODE = YES;
				CLANG_WARN__DUPLICATE_METHOD_MATCH = YES;
				COPY_PHASE_STRIP = NO;
				DEBUG_INFORMATION_FORMAT = dwarf;
				ENABLE_STRICT_OBJC_MSGSEND = YES;
				ENABLE_TESTABILITY = YES;
				GCC_C_LANGUAGE_STANDARD = gnu11;
				GCC_DYNAMIC_NO_PIC = NO;
				GCC_NO_COMMON_BLOCKS = YES;
				GCC_OPTIMIZATION_LEVEL = 0;
				GCC_PREPROCESSOR_DEFINITIONS = (
					"DEBUG=1",
					"$(inherited)",
				);
				GCC_WARN_64_TO_32_BIT_CONVERSION = YES;
				GCC_WARN_ABOUT_RETURN_TYPE = YES_ERROR;
				GCC_WARN_UNDECLARED_SELECTOR = YES;
				GCC_WARN_UNINITIALIZED_AUTOS = YES_AGGRESSIVE;
				GCC_WARN_UNUSED_FUNCTION = YES;
				GCC_WARN_UNUSED_VARIABLE = YES;
				IPHONEOS_DEPLOYMENT_TARGET = 16.0;
				MTL_ENABLE_DEBUG_INFO = INCLUDE_SOURCE;
				MTL_FAST_MATH = YES;
				ONLY_ACTIVE_ARCH = YES;
				SDKROOT = iphoneos;
				SWIFT_ACTIVE_COMPILATION_CONDITIONS = DEBUG;
				SWIFT_OPTIMIZATION_LEVEL = "-Onone";
			};
			name = Debug;
		};
		D80868AB28F894D500787790 /* Release */ = {
			isa = XCBuildConfiguration;
			buildSettings = {
				ALWAYS_SEARCH_USER_PATHS = NO;
				CLANG_ANALYZER_NONNULL = YES;
				CLANG_ANALYZER_NUMBER_OBJECT_CONVERSION = YES_AGGRESSIVE;
				CLANG_CXX_LANGUAGE_STANDARD = "gnu++20";
				CLANG_ENABLE_MODULES = YES;
				CLANG_ENABLE_OBJC_ARC = YES;
				CLANG_ENABLE_OBJC_WEAK = YES;
				CLANG_WARN_BLOCK_CAPTURE_AUTORELEASING = YES;
				CLANG_WARN_BOOL_CONVERSION = YES;
				CLANG_WARN_COMMA = YES;
				CLANG_WARN_CONSTANT_CONVERSION = YES;
				CLANG_WARN_DEPRECATED_OBJC_IMPLEMENTATIONS = YES;
				CLANG_WARN_DIRECT_OBJC_ISA_USAGE = YES_ERROR;
				CLANG_WARN_DOCUMENTATION_COMMENTS = YES;
				CLANG_WARN_EMPTY_BODY = YES;
				CLANG_WARN_ENUM_CONVERSION = YES;
				CLANG_WARN_INFINITE_RECURSION = YES;
				CLANG_WARN_INT_CONVERSION = YES;
				CLANG_WARN_NON_LITERAL_NULL_CONVERSION = YES;
				CLANG_WARN_OBJC_IMPLICIT_RETAIN_SELF = YES;
				CLANG_WARN_OBJC_LITERAL_CONVERSION = YES;
				CLANG_WARN_OBJC_ROOT_CLASS = YES_ERROR;
				CLANG_WARN_QUOTED_INCLUDE_IN_FRAMEWORK_HEADER = YES;
				CLANG_WARN_RANGE_LOOP_ANALYSIS = YES;
				CLANG_WARN_STRICT_PROTOTYPES = YES;
				CLANG_WARN_SUSPICIOUS_MOVE = YES;
				CLANG_WARN_UNGUARDED_AVAILABILITY = YES_AGGRESSIVE;
				CLANG_WARN_UNREACHABLE_CODE = YES;
				CLANG_WARN__DUPLICATE_METHOD_MATCH = YES;
				COPY_PHASE_STRIP = NO;
				DEBUG_INFORMATION_FORMAT = "dwarf-with-dsym";
				ENABLE_NS_ASSERTIONS = NO;
				ENABLE_STRICT_OBJC_MSGSEND = YES;
				GCC_C_LANGUAGE_STANDARD = gnu11;
				GCC_NO_COMMON_BLOCKS = YES;
				GCC_WARN_64_TO_32_BIT_CONVERSION = YES;
				GCC_WARN_ABOUT_RETURN_TYPE = YES_ERROR;
				GCC_WARN_UNDECLARED_SELECTOR = YES;
				GCC_WARN_UNINITIALIZED_AUTOS = YES_AGGRESSIVE;
				GCC_WARN_UNUSED_FUNCTION = YES;
				GCC_WARN_UNUSED_VARIABLE = YES;
				IPHONEOS_DEPLOYMENT_TARGET = 16.0;
				MTL_ENABLE_DEBUG_INFO = NO;
				MTL_FAST_MATH = YES;
				SDKROOT = iphoneos;
				SWIFT_COMPILATION_MODE = wholemodule;
				SWIFT_OPTIMIZATION_LEVEL = "-O";
				VALIDATE_PRODUCT = YES;
			};
			name = Release;
		};
		D80868AD28F894D500787790 /* Debug */ = {
			isa = XCBuildConfiguration;
			buildSettings = {
				ASSETCATALOG_COMPILER_APPICON_NAME = AppIcon;
				ASSETCATALOG_COMPILER_GLOBAL_ACCENT_COLOR_NAME = AccentColor;
				CODE_SIGN_STYLE = Automatic;
				CURRENT_PROJECT_VERSION = 1;
				DEVELOPMENT_TEAM = VL53JQ8T79;
				GENERATE_INFOPLIST_FILE = YES;
				INFOPLIST_FILE = Weather/Resources/Info.plist;
				INFOPLIST_KEY_CFBundleDisplayName = Weather;
				INFOPLIST_KEY_LSApplicationCategoryType = "public.app-category.weather";
				INFOPLIST_KEY_NSLocationWhenInUseUsageDescription = "Точное местоположение используется для предоставления вам наиболее точной погоды и прогноза для вашего текущего местоположения.";
				INFOPLIST_KEY_UIApplicationSupportsIndirectInputEvents = YES;
				INFOPLIST_KEY_UILaunchStoryboardName = LaunchScreen.storyboard;
				INFOPLIST_KEY_UISupportedInterfaceOrientations = UIInterfaceOrientationPortrait;
				IPHONEOS_DEPLOYMENT_TARGET = 14.0;
				LD_RUNPATH_SEARCH_PATHS = (
					"$(inherited)",
					"@executable_path/Frameworks",
				);
				MARKETING_VERSION = 1.0;
				PRODUCT_BUNDLE_IDENTIFIER = hellodubrovsky.Weather;
				PRODUCT_NAME = "$(TARGET_NAME)";
				SUPPORTED_PLATFORMS = "iphoneos iphonesimulator";
				SUPPORTS_MACCATALYST = NO;
				SUPPORTS_MAC_DESIGNED_FOR_IPHONE_IPAD = NO;
				SWIFT_EMIT_LOC_STRINGS = YES;
				SWIFT_VERSION = 5.0;
				TARGETED_DEVICE_FAMILY = "1,2";
			};
			name = Debug;
		};
		D80868AE28F894D500787790 /* Release */ = {
			isa = XCBuildConfiguration;
			buildSettings = {
				ASSETCATALOG_COMPILER_APPICON_NAME = AppIcon;
				ASSETCATALOG_COMPILER_GLOBAL_ACCENT_COLOR_NAME = AccentColor;
				CODE_SIGN_STYLE = Automatic;
				CURRENT_PROJECT_VERSION = 1;
				DEVELOPMENT_TEAM = VL53JQ8T79;
				GENERATE_INFOPLIST_FILE = YES;
				INFOPLIST_FILE = Weather/Resources/Info.plist;
				INFOPLIST_KEY_CFBundleDisplayName = Weather;
				INFOPLIST_KEY_LSApplicationCategoryType = "public.app-category.weather";
				INFOPLIST_KEY_NSLocationWhenInUseUsageDescription = "Точное местоположение используется для предоставления вам наиболее точной погоды и прогноза для вашего текущего местоположения.";
				INFOPLIST_KEY_UIApplicationSupportsIndirectInputEvents = YES;
				INFOPLIST_KEY_UILaunchStoryboardName = LaunchScreen.storyboard;
				INFOPLIST_KEY_UISupportedInterfaceOrientations = UIInterfaceOrientationPortrait;
				IPHONEOS_DEPLOYMENT_TARGET = 14.0;
				LD_RUNPATH_SEARCH_PATHS = (
					"$(inherited)",
					"@executable_path/Frameworks",
				);
				MARKETING_VERSION = 1.0;
				PRODUCT_BUNDLE_IDENTIFIER = hellodubrovsky.Weather;
				PRODUCT_NAME = "$(TARGET_NAME)";
				SUPPORTED_PLATFORMS = "iphoneos iphonesimulator";
				SUPPORTS_MACCATALYST = NO;
				SUPPORTS_MAC_DESIGNED_FOR_IPHONE_IPAD = NO;
				SWIFT_EMIT_LOC_STRINGS = YES;
				SWIFT_VERSION = 5.0;
				TARGETED_DEVICE_FAMILY = "1,2";
			};
			name = Release;
		};
		D80868B028F894D500787790 /* Debug */ = {
			isa = XCBuildConfiguration;
			buildSettings = {
				ALWAYS_EMBED_SWIFT_STANDARD_LIBRARIES = YES;
				BUNDLE_LOADER = "$(TEST_HOST)";
				CODE_SIGN_STYLE = Automatic;
				CURRENT_PROJECT_VERSION = 1;
				DEVELOPMENT_TEAM = VL53JQ8T79;
				GENERATE_INFOPLIST_FILE = YES;
				IPHONEOS_DEPLOYMENT_TARGET = 16.0;
				MARKETING_VERSION = 1.0;
				PRODUCT_BUNDLE_IDENTIFIER = hellodubrovsky.WeatherTests;
				PRODUCT_NAME = "$(TARGET_NAME)";
				SWIFT_EMIT_LOC_STRINGS = NO;
				SWIFT_VERSION = 5.0;
				TARGETED_DEVICE_FAMILY = "1,2";
				TEST_HOST = "$(BUILT_PRODUCTS_DIR)/Weather.app/$(BUNDLE_EXECUTABLE_FOLDER_PATH)/Weather";
			};
			name = Debug;
		};
		D80868B128F894D500787790 /* Release */ = {
			isa = XCBuildConfiguration;
			buildSettings = {
				ALWAYS_EMBED_SWIFT_STANDARD_LIBRARIES = YES;
				BUNDLE_LOADER = "$(TEST_HOST)";
				CODE_SIGN_STYLE = Automatic;
				CURRENT_PROJECT_VERSION = 1;
				DEVELOPMENT_TEAM = VL53JQ8T79;
				GENERATE_INFOPLIST_FILE = YES;
				IPHONEOS_DEPLOYMENT_TARGET = 16.0;
				MARKETING_VERSION = 1.0;
				PRODUCT_BUNDLE_IDENTIFIER = hellodubrovsky.WeatherTests;
				PRODUCT_NAME = "$(TARGET_NAME)";
				SWIFT_EMIT_LOC_STRINGS = NO;
				SWIFT_VERSION = 5.0;
				TARGETED_DEVICE_FAMILY = "1,2";
				TEST_HOST = "$(BUILT_PRODUCTS_DIR)/Weather.app/$(BUNDLE_EXECUTABLE_FOLDER_PATH)/Weather";
			};
			name = Release;
		};
		D80868B328F894D500787790 /* Debug */ = {
			isa = XCBuildConfiguration;
			buildSettings = {
				ALWAYS_EMBED_SWIFT_STANDARD_LIBRARIES = YES;
				CODE_SIGN_STYLE = Automatic;
				CURRENT_PROJECT_VERSION = 1;
				DEVELOPMENT_TEAM = VL53JQ8T79;
				GENERATE_INFOPLIST_FILE = YES;
				MARKETING_VERSION = 1.0;
				PRODUCT_BUNDLE_IDENTIFIER = hellodubrovsky.WeatherUITests;
				PRODUCT_NAME = "$(TARGET_NAME)";
				SWIFT_EMIT_LOC_STRINGS = NO;
				SWIFT_VERSION = 5.0;
				TARGETED_DEVICE_FAMILY = "1,2";
				TEST_TARGET_NAME = Weather;
			};
			name = Debug;
		};
		D80868B428F894D500787790 /* Release */ = {
			isa = XCBuildConfiguration;
			buildSettings = {
				ALWAYS_EMBED_SWIFT_STANDARD_LIBRARIES = YES;
				CODE_SIGN_STYLE = Automatic;
				CURRENT_PROJECT_VERSION = 1;
				DEVELOPMENT_TEAM = VL53JQ8T79;
				GENERATE_INFOPLIST_FILE = YES;
				MARKETING_VERSION = 1.0;
				PRODUCT_BUNDLE_IDENTIFIER = hellodubrovsky.WeatherUITests;
				PRODUCT_NAME = "$(TARGET_NAME)";
				SWIFT_EMIT_LOC_STRINGS = NO;
				SWIFT_VERSION = 5.0;
				TARGETED_DEVICE_FAMILY = "1,2";
				TEST_TARGET_NAME = Weather;
			};
			name = Release;
		};
/* End XCBuildConfiguration section */

/* Begin XCConfigurationList section */
		D808687D28F894D400787790 /* Build configuration list for PBXProject "Weather" */ = {
			isa = XCConfigurationList;
			buildConfigurations = (
				D80868AA28F894D500787790 /* Debug */,
				D80868AB28F894D500787790 /* Release */,
			);
			defaultConfigurationIsVisible = 0;
			defaultConfigurationName = Release;
		};
		D80868AC28F894D500787790 /* Build configuration list for PBXNativeTarget "Weather" */ = {
			isa = XCConfigurationList;
			buildConfigurations = (
				D80868AD28F894D500787790 /* Debug */,
				D80868AE28F894D500787790 /* Release */,
			);
			defaultConfigurationIsVisible = 0;
			defaultConfigurationName = Release;
		};
		D80868AF28F894D500787790 /* Build configuration list for PBXNativeTarget "WeatherTests" */ = {
			isa = XCConfigurationList;
			buildConfigurations = (
				D80868B028F894D500787790 /* Debug */,
				D80868B128F894D500787790 /* Release */,
			);
			defaultConfigurationIsVisible = 0;
			defaultConfigurationName = Release;
		};
		D80868B228F894D500787790 /* Build configuration list for PBXNativeTarget "WeatherUITests" */ = {
			isa = XCConfigurationList;
			buildConfigurations = (
				D80868B328F894D500787790 /* Debug */,
				D80868B428F894D500787790 /* Release */,
			);
			defaultConfigurationIsVisible = 0;
			defaultConfigurationName = Release;
		};
/* End XCConfigurationList section */

/* Begin XCRemoteSwiftPackageReference section */
		D85936E028FC44EF0015A116 /* XCRemoteSwiftPackageReference "Alamofire" */ = {
			isa = XCRemoteSwiftPackageReference;
			repositoryURL = "https://github.com/Alamofire/Alamofire";
			requirement = {
				kind = upToNextMajorVersion;
				minimumVersion = 5.0.0;
			};
		};
		D85936FB28FC674C0015A116 /* XCRemoteSwiftPackageReference "SnapKit" */ = {
			isa = XCRemoteSwiftPackageReference;
			repositoryURL = "https://github.com/SnapKit/SnapKit";
			requirement = {
				kind = upToNextMajorVersion;
				minimumVersion = 5.0.0;
			};
		};
		D8E7B4DC290ECDC500E76EED /* XCRemoteSwiftPackageReference "BetterSegmentedControl" */ = {
			isa = XCRemoteSwiftPackageReference;
			repositoryURL = "https://github.com/gmarm/BetterSegmentedControl";
			requirement = {
				kind = upToNextMajorVersion;
				minimumVersion = 2.0.0;
			};
		};
/* End XCRemoteSwiftPackageReference section */

/* Begin XCSwiftPackageProductDependency section */
		D85936E128FC44EF0015A116 /* Alamofire */ = {
			isa = XCSwiftPackageProductDependency;
			package = D85936E028FC44EF0015A116 /* XCRemoteSwiftPackageReference "Alamofire" */;
			productName = Alamofire;
		};
		D85936FC28FC674C0015A116 /* SnapKit */ = {
			isa = XCSwiftPackageProductDependency;
			package = D85936FB28FC674C0015A116 /* XCRemoteSwiftPackageReference "SnapKit" */;
			productName = SnapKit;
		};
		D8E7B4DD290ECDC500E76EED /* BetterSegmentedControl */ = {
			isa = XCSwiftPackageProductDependency;
			package = D8E7B4DC290ECDC500E76EED /* XCRemoteSwiftPackageReference "BetterSegmentedControl" */;
			productName = BetterSegmentedControl;
		};
/* End XCSwiftPackageProductDependency section */
	};
	rootObject = D808687A28F894D400787790 /* Project object */;
}
