// !$*UTF8*$!
{
	archiveVersion = 1;
	classes = {
	};
	objectVersion = 55;
	objects = {

/* Begin PBXBuildFile section */
		F4219566276869AE00487AE7 /* ProfileTableHeaderView.swift in Sources */ = {isa = PBXBuildFile; fileRef = F4219565276869AE00487AE7 /* ProfileTableHeaderView.swift */; };
		F43EC242278D482700B94BC1 /* PublicationModel.swift in Sources */ = {isa = PBXBuildFile; fileRef = F43EC241278D482700B94BC1 /* PublicationModel.swift */; };
		F467234C278BF63800B78225 /* PostTableViewCell.swift in Sources */ = {isa = PBXBuildFile; fileRef = F467234B278BF63800B78225 /* PostTableViewCell.swift */; };
		F4826DCA279EFC820040A364 /* PhotosTableViewCell.swift in Sources */ = {isa = PBXBuildFile; fileRef = F4826DC9279EFC820040A364 /* PhotosTableViewCell.swift */; };
		F4826DCC279F35150040A364 /* PhotosViewController.swift in Sources */ = {isa = PBXBuildFile; fileRef = F4826DCB279F35150040A364 /* PhotosViewController.swift */; };
		F48F371D27522200008C6565 /* ProfileTableViewController.swift in Sources */ = {isa = PBXBuildFile; fileRef = F48F371C27522200008C6565 /* ProfileTableViewController.swift */; };
		F48F37212752290E008C6565 /* FeedViewController.swift in Sources */ = {isa = PBXBuildFile; fileRef = F48F37202752290E008C6565 /* FeedViewController.swift */; };
		F49DC37B27515432004F9DCE /* AppDelegate.swift in Sources */ = {isa = PBXBuildFile; fileRef = F49DC37A27515432004F9DCE /* AppDelegate.swift */; };
		F49DC38427515434004F9DCE /* Assets.xcassets in Resources */ = {isa = PBXBuildFile; fileRef = F49DC38327515434004F9DCE /* Assets.xcassets */; };
		F49DC38727515434004F9DCE /* LaunchScreen.storyboard in Resources */ = {isa = PBXBuildFile; fileRef = F49DC38527515434004F9DCE /* LaunchScreen.storyboard */; };
		F4CC3780279FD26000294ADB /* PhotosModel.swift in Sources */ = {isa = PBXBuildFile; fileRef = F4CC377F279FD26000294ADB /* PhotosModel.swift */; };
		F4DDFA8F27A04C4300CFD226 /* PhotosCollectionViewCell.swift in Sources */ = {isa = PBXBuildFile; fileRef = F4DDFA8E27A04C4300CFD226 /* PhotosCollectionViewCell.swift */; };
		F4F074542753E0360034579A /* PostViewController.swift in Sources */ = {isa = PBXBuildFile; fileRef = F4F074532753E0360034579A /* PostViewController.swift */; };
		F4F0745627541A310034579A /* InfoViewController.swift in Sources */ = {isa = PBXBuildFile; fileRef = F4F0745527541A310034579A /* InfoViewController.swift */; };
		F4F6760027873FAB00465155 /* LogInViewController.swift in Sources */ = {isa = PBXBuildFile; fileRef = F4F675FF27873FAB00465155 /* LogInViewController.swift */; };
/* End PBXBuildFile section */

/* Begin PBXFileReference section */
		F4219565276869AE00487AE7 /* ProfileTableHeaderView.swift */ = {isa = PBXFileReference; lastKnownFileType = sourcecode.swift; path = ProfileTableHeaderView.swift; sourceTree = "<group>"; };
		F43EC241278D482700B94BC1 /* PublicationModel.swift */ = {isa = PBXFileReference; lastKnownFileType = sourcecode.swift; path = PublicationModel.swift; sourceTree = "<group>"; };
		F467234B278BF63800B78225 /* PostTableViewCell.swift */ = {isa = PBXFileReference; lastKnownFileType = sourcecode.swift; path = PostTableViewCell.swift; sourceTree = "<group>"; };
		F4826DC9279EFC820040A364 /* PhotosTableViewCell.swift */ = {isa = PBXFileReference; lastKnownFileType = sourcecode.swift; path = PhotosTableViewCell.swift; sourceTree = "<group>"; };
		F4826DCB279F35150040A364 /* PhotosViewController.swift */ = {isa = PBXFileReference; lastKnownFileType = sourcecode.swift; path = PhotosViewController.swift; sourceTree = "<group>"; };
		F48F371C27522200008C6565 /* ProfileTableViewController.swift */ = {isa = PBXFileReference; lastKnownFileType = sourcecode.swift; path = ProfileTableViewController.swift; sourceTree = "<group>"; };
		F48F37202752290E008C6565 /* FeedViewController.swift */ = {isa = PBXFileReference; lastKnownFileType = sourcecode.swift; path = FeedViewController.swift; sourceTree = "<group>"; };
		F49DC37727515432004F9DCE /* Navigation.app */ = {isa = PBXFileReference; explicitFileType = wrapper.application; includeInIndex = 0; path = Navigation.app; sourceTree = BUILT_PRODUCTS_DIR; };
		F49DC37A27515432004F9DCE /* AppDelegate.swift */ = {isa = PBXFileReference; lastKnownFileType = sourcecode.swift; path = AppDelegate.swift; sourceTree = "<group>"; };
		F49DC38327515434004F9DCE /* Assets.xcassets */ = {isa = PBXFileReference; lastKnownFileType = folder.assetcatalog; path = Assets.xcassets; sourceTree = "<group>"; };
		F49DC38627515434004F9DCE /* Base */ = {isa = PBXFileReference; lastKnownFileType = file.storyboard; name = Base; path = Base.lproj/LaunchScreen.storyboard; sourceTree = "<group>"; };
		F49DC38827515434004F9DCE /* Info.plist */ = {isa = PBXFileReference; lastKnownFileType = text.plist.xml; path = Info.plist; sourceTree = "<group>"; };
		F4CC377F279FD26000294ADB /* PhotosModel.swift */ = {isa = PBXFileReference; lastKnownFileType = sourcecode.swift; path = PhotosModel.swift; sourceTree = "<group>"; };
		F4DDFA8E27A04C4300CFD226 /* PhotosCollectionViewCell.swift */ = {isa = PBXFileReference; lastKnownFileType = sourcecode.swift; path = PhotosCollectionViewCell.swift; sourceTree = "<group>"; };
		F4F074532753E0360034579A /* PostViewController.swift */ = {isa = PBXFileReference; lastKnownFileType = sourcecode.swift; path = PostViewController.swift; sourceTree = "<group>"; };
		F4F0745527541A310034579A /* InfoViewController.swift */ = {isa = PBXFileReference; lastKnownFileType = sourcecode.swift; path = InfoViewController.swift; sourceTree = "<group>"; };
		F4F675FF27873FAB00465155 /* LogInViewController.swift */ = {isa = PBXFileReference; lastKnownFileType = sourcecode.swift; path = LogInViewController.swift; sourceTree = "<group>"; };
/* End PBXFileReference section */

/* Begin PBXFrameworksBuildPhase section */
		F49DC37427515432004F9DCE /* Frameworks */ = {
			isa = PBXFrameworksBuildPhase;
			buildActionMask = 2147483647;
			files = (
			);
			runOnlyForDeploymentPostprocessing = 0;
		};
/* End PBXFrameworksBuildPhase section */

/* Begin PBXGroup section */
		F4219562276868A400487AE7 /* Profile */ = {
			isa = PBXGroup;
			children = (
				F4F675FF27873FAB00465155 /* LogInViewController.swift */,
				F4219565276869AE00487AE7 /* ProfileTableHeaderView.swift */,
				F48F371C27522200008C6565 /* ProfileTableViewController.swift */,
				F4DDFA8A27A04A9800CFD226 /* FeedProfile */,
				F4DDFA8B27A04AB800CFD226 /* PhotoProfile */,
			);
			path = Profile;
			sourceTree = "<group>";
		};
		F49DC36E27515432004F9DCE = {
			isa = PBXGroup;
			children = (
				F49DC37927515432004F9DCE /* Navigation */,
				F49DC37827515432004F9DCE /* Products */,
			);
			sourceTree = "<group>";
		};
		F49DC37827515432004F9DCE /* Products */ = {
			isa = PBXGroup;
			children = (
				F49DC37727515432004F9DCE /* Navigation.app */,
			);
			name = Products;
			sourceTree = "<group>";
		};
		F49DC37927515432004F9DCE /* Navigation */ = {
			isa = PBXGroup;
			children = (
				F49DC37A27515432004F9DCE /* AppDelegate.swift */,
				F48F37202752290E008C6565 /* FeedViewController.swift */,
				F4F074532753E0360034579A /* PostViewController.swift */,
				F4F0745527541A310034579A /* InfoViewController.swift */,
				F4219562276868A400487AE7 /* Profile */,
				F49DC38527515434004F9DCE /* LaunchScreen.storyboard */,
				F49DC38327515434004F9DCE /* Assets.xcassets */,
				F49DC38827515434004F9DCE /* Info.plist */,
			);
			path = Navigation;
			sourceTree = "<group>";
		};
		F4DDFA8A27A04A9800CFD226 /* FeedProfile */ = {
			isa = PBXGroup;
			children = (
				F467234B278BF63800B78225 /* PostTableViewCell.swift */,
				F4826DC9279EFC820040A364 /* PhotosTableViewCell.swift */,
				F43EC241278D482700B94BC1 /* PublicationModel.swift */,
			);
			path = FeedProfile;
			sourceTree = "<group>";
		};
		F4DDFA8B27A04AB800CFD226 /* PhotoProfile */ = {
			isa = PBXGroup;
			children = (
				F4826DCB279F35150040A364 /* PhotosViewController.swift */,
				F4DDFA8E27A04C4300CFD226 /* PhotosCollectionViewCell.swift */,
				F4CC377F279FD26000294ADB /* PhotosModel.swift */,
			);
			path = PhotoProfile;
			sourceTree = "<group>";
		};
/* End PBXGroup section */

/* Begin PBXNativeTarget section */
		F49DC37627515432004F9DCE /* Navigation */ = {
			isa = PBXNativeTarget;
			buildConfigurationList = F49DC38B27515434004F9DCE /* Build configuration list for PBXNativeTarget "Navigation" */;
			buildPhases = (
				F49DC37327515432004F9DCE /* Sources */,
				F49DC37427515432004F9DCE /* Frameworks */,
				F49DC37527515432004F9DCE /* Resources */,
			);
			buildRules = (
			);
			dependencies = (
			);
			name = Navigation;
			productName = Navigation;
			productReference = F49DC37727515432004F9DCE /* Navigation.app */;
			productType = "com.apple.product-type.application";
		};
/* End PBXNativeTarget section */

/* Begin PBXProject section */
		F49DC36F27515432004F9DCE /* Project object */ = {
			isa = PBXProject;
			attributes = {
				BuildIndependentTargetsInParallel = 1;
				LastSwiftUpdateCheck = 1310;
				LastUpgradeCheck = 1310;
				TargetAttributes = {
					F49DC37627515432004F9DCE = {
						CreatedOnToolsVersion = 13.1;
					};
				};
			};
			buildConfigurationList = F49DC37227515432004F9DCE /* Build configuration list for PBXProject "Navigation" */;
			compatibilityVersion = "Xcode 13.0";
			developmentRegion = en;
			hasScannedForEncodings = 0;
			knownRegions = (
				en,
				Base,
			);
			mainGroup = F49DC36E27515432004F9DCE;
			productRefGroup = F49DC37827515432004F9DCE /* Products */;
			projectDirPath = "";
			projectRoot = "";
			targets = (
				F49DC37627515432004F9DCE /* Navigation */,
			);
		};
/* End PBXProject section */

/* Begin PBXResourcesBuildPhase section */
		F49DC37527515432004F9DCE /* Resources */ = {
			isa = PBXResourcesBuildPhase;
			buildActionMask = 2147483647;
			files = (
				F49DC38727515434004F9DCE /* LaunchScreen.storyboard in Resources */,
				F49DC38427515434004F9DCE /* Assets.xcassets in Resources */,
			);
			runOnlyForDeploymentPostprocessing = 0;
		};
/* End PBXResourcesBuildPhase section */

/* Begin PBXSourcesBuildPhase section */
		F49DC37327515432004F9DCE /* Sources */ = {
			isa = PBXSourcesBuildPhase;
			buildActionMask = 2147483647;
			files = (
				F4826DCA279EFC820040A364 /* PhotosTableViewCell.swift in Sources */,
				F4826DCC279F35150040A364 /* PhotosViewController.swift in Sources */,
				F4CC3780279FD26000294ADB /* PhotosModel.swift in Sources */,
				F48F371D27522200008C6565 /* ProfileTableViewController.swift in Sources */,
				F4DDFA8F27A04C4300CFD226 /* PhotosCollectionViewCell.swift in Sources */,
				F43EC242278D482700B94BC1 /* PublicationModel.swift in Sources */,
				F4219566276869AE00487AE7 /* ProfileTableHeaderView.swift in Sources */,
				F48F37212752290E008C6565 /* FeedViewController.swift in Sources */,
				F467234C278BF63800B78225 /* PostTableViewCell.swift in Sources */,
				F4F6760027873FAB00465155 /* LogInViewController.swift in Sources */,
				F49DC37B27515432004F9DCE /* AppDelegate.swift in Sources */,
				F4F0745627541A310034579A /* InfoViewController.swift in Sources */,
				F4F074542753E0360034579A /* PostViewController.swift in Sources */,
			);
			runOnlyForDeploymentPostprocessing = 0;
		};
/* End PBXSourcesBuildPhase section */

/* Begin PBXVariantGroup section */
		F49DC38527515434004F9DCE /* LaunchScreen.storyboard */ = {
			isa = PBXVariantGroup;
			children = (
				F49DC38627515434004F9DCE /* Base */,
			);
			name = LaunchScreen.storyboard;
			sourceTree = "<group>";
		};
/* End PBXVariantGroup section */

/* Begin XCBuildConfiguration section */
		F49DC38927515434004F9DCE /* Debug */ = {
			isa = XCBuildConfiguration;
			buildSettings = {
				ALWAYS_SEARCH_USER_PATHS = NO;
				CLANG_ANALYZER_NONNULL = YES;
				CLANG_ANALYZER_NUMBER_OBJECT_CONVERSION = YES_AGGRESSIVE;
				CLANG_CXX_LANGUAGE_STANDARD = "gnu++17";
				CLANG_CXX_LIBRARY = "libc++";
				CLANG_ENABLE_MODULES = YES;
				CLANG_ENABLE_OBJC_ARC = YES;
				CLANG_ENABLE_OBJC_WEAK = YES;
				CLANG_WARN_BLOCK_CAPTURE_AUTORELEASING = YES;
				CLANG_WARN_BOOL_CONVERSION = YES;
				CLANG_WARN_COMMA = YES;
				CLANG_WARN_CONSTANT_CONVERSION = YES;
				CLANG_WARN_DEPRECATED_OBJC_IMPLEMENTATIONS = YES;
				CLANG_WARN_DIRECT_OBJC_ISA_USAGE = YES_ERROR;
				CLANG_WARN_DOCUMENTATION_COMMENTS = YES;
				CLANG_WARN_EMPTY_BODY = YES;
				CLANG_WARN_ENUM_CONVERSION = YES;
				CLANG_WARN_INFINITE_RECURSION = YES;
				CLANG_WARN_INT_CONVERSION = YES;
				CLANG_WARN_NON_LITERAL_NULL_CONVERSION = YES;
				CLANG_WARN_OBJC_IMPLICIT_RETAIN_SELF = YES;
				CLANG_WARN_OBJC_LITERAL_CONVERSION = YES;
				CLANG_WARN_OBJC_ROOT_CLASS = YES_ERROR;
				CLANG_WARN_QUOTED_INCLUDE_IN_FRAMEWORK_HEADER = YES;
				CLANG_WARN_RANGE_LOOP_ANALYSIS = YES;
				CLANG_WARN_STRICT_PROTOTYPES = YES;
				CLANG_WARN_SUSPICIOUS_MOVE = YES;
				CLANG_WARN_UNGUARDED_AVAILABILITY = YES_AGGRESSIVE;
				CLANG_WARN_UNREACHABLE_CODE = YES;
				CLANG_WARN__DUPLICATE_METHOD_MATCH = YES;
				COPY_PHASE_STRIP = NO;
				DEBUG_INFORMATION_FORMAT = dwarf;
				ENABLE_STRICT_OBJC_MSGSEND = YES;
				ENABLE_TESTABILITY = YES;
				GCC_C_LANGUAGE_STANDARD = gnu11;
				GCC_DYNAMIC_NO_PIC = NO;
				GCC_NO_COMMON_BLOCKS = YES;
				GCC_OPTIMIZATION_LEVEL = 0;
				GCC_PREPROCESSOR_DEFINITIONS = (
					"DEBUG=1",
					"$(inherited)",
				);
				GCC_WARN_64_TO_32_BIT_CONVERSION = YES;
				GCC_WARN_ABOUT_RETURN_TYPE = YES_ERROR;
				GCC_WARN_UNDECLARED_SELECTOR = YES;
				GCC_WARN_UNINITIALIZED_AUTOS = YES_AGGRESSIVE;
				GCC_WARN_UNUSED_FUNCTION = YES;
				GCC_WARN_UNUSED_VARIABLE = YES;
				IPHONEOS_DEPLOYMENT_TARGET = 13.0;
				MTL_ENABLE_DEBUG_INFO = INCLUDE_SOURCE;
				MTL_FAST_MATH = YES;
				ONLY_ACTIVE_ARCH = YES;
				SDKROOT = iphoneos;
				SWIFT_ACTIVE_COMPILATION_CONDITIONS = DEBUG;
				SWIFT_OPTIMIZATION_LEVEL = "-Onone";
			};
			name = Debug;
		};
		F49DC38A27515434004F9DCE /* Release */ = {
			isa = XCBuildConfiguration;
			buildSettings = {
				ALWAYS_SEARCH_USER_PATHS = NO;
				CLANG_ANALYZER_NONNULL = YES;
				CLANG_ANALYZER_NUMBER_OBJECT_CONVERSION = YES_AGGRESSIVE;
				CLANG_CXX_LANGUAGE_STANDARD = "gnu++17";
				CLANG_CXX_LIBRARY = "libc++";
				CLANG_ENABLE_MODULES = YES;
				CLANG_ENABLE_OBJC_ARC = YES;
				CLANG_ENABLE_OBJC_WEAK = YES;
				CLANG_WARN_BLOCK_CAPTURE_AUTORELEASING = YES;
				CLANG_WARN_BOOL_CONVERSION = YES;
				CLANG_WARN_COMMA = YES;
				CLANG_WARN_CONSTANT_CONVERSION = YES;
				CLANG_WARN_DEPRECATED_OBJC_IMPLEMENTATIONS = YES;
				CLANG_WARN_DIRECT_OBJC_ISA_USAGE = YES_ERROR;
				CLANG_WARN_DOCUMENTATION_COMMENTS = YES;
				CLANG_WARN_EMPTY_BODY = YES;
				CLANG_WARN_ENUM_CONVERSION = YES;
				CLANG_WARN_INFINITE_RECURSION = YES;
				CLANG_WARN_INT_CONVERSION = YES;
				CLANG_WARN_NON_LITERAL_NULL_CONVERSION = YES;
				CLANG_WARN_OBJC_IMPLICIT_RETAIN_SELF = YES;
				CLANG_WARN_OBJC_LITERAL_CONVERSION = YES;
				CLANG_WARN_OBJC_ROOT_CLASS = YES_ERROR;
				CLANG_WARN_QUOTED_INCLUDE_IN_FRAMEWORK_HEADER = YES;
				CLANG_WARN_RANGE_LOOP_ANALYSIS = YES;
				CLANG_WARN_STRICT_PROTOTYPES = YES;
				CLANG_WARN_SUSPICIOUS_MOVE = YES;
				CLANG_WARN_UNGUARDED_AVAILABILITY = YES_AGGRESSIVE;
				CLANG_WARN_UNREACHABLE_CODE = YES;
				CLANG_WARN__DUPLICATE_METHOD_MATCH = YES;
				COPY_PHASE_STRIP = NO;
				DEBUG_INFORMATION_FORMAT = "dwarf-with-dsym";
				ENABLE_NS_ASSERTIONS = NO;
				ENABLE_STRICT_OBJC_MSGSEND = YES;
				GCC_C_LANGUAGE_STANDARD = gnu11;
				GCC_NO_COMMON_BLOCKS = YES;
				GCC_WARN_64_TO_32_BIT_CONVERSION = YES;
				GCC_WARN_ABOUT_RETURN_TYPE = YES_ERROR;
				GCC_WARN_UNDECLARED_SELECTOR = YES;
				GCC_WARN_UNINITIALIZED_AUTOS = YES_AGGRESSIVE;
				GCC_WARN_UNUSED_FUNCTION = YES;
				GCC_WARN_UNUSED_VARIABLE = YES;
				IPHONEOS_DEPLOYMENT_TARGET = 13.0;
				MTL_ENABLE_DEBUG_INFO = NO;
				MTL_FAST_MATH = YES;
				SDKROOT = iphoneos;
				SWIFT_COMPILATION_MODE = wholemodule;
				SWIFT_OPTIMIZATION_LEVEL = "-O";
				VALIDATE_PRODUCT = YES;
			};
			name = Release;
		};
		F49DC38C27515434004F9DCE /* Debug */ = {
			isa = XCBuildConfiguration;
			buildSettings = {
				ASSETCATALOG_COMPILER_APPICON_NAME = AppIcon;
				ASSETCATALOG_COMPILER_GLOBAL_ACCENT_COLOR_NAME = AccentColor;
				CODE_SIGN_STYLE = Automatic;
				CURRENT_PROJECT_VERSION = 1;
				DEVELOPMENT_TEAM = SX29N764W2;
				GENERATE_INFOPLIST_FILE = YES;
				INFOPLIST_FILE = Navigation/Info.plist;
				INFOPLIST_KEY_UIApplicationSupportsIndirectInputEvents = YES;
				INFOPLIST_KEY_UILaunchStoryboardName = LaunchScreen;
				INFOPLIST_KEY_UISupportedInterfaceOrientations_iPad = "UIInterfaceOrientationPortrait UIInterfaceOrientationPortraitUpsideDown UIInterfaceOrientationLandscapeLeft UIInterfaceOrientationLandscapeRight";
				INFOPLIST_KEY_UISupportedInterfaceOrientations_iPhone = "UIInterfaceOrientationPortrait UIInterfaceOrientationLandscapeLeft UIInterfaceOrientationLandscapeRight";
				LD_RUNPATH_SEARCH_PATHS = (
					"$(inherited)",
					"@executable_path/Frameworks",
				);
				MARKETING_VERSION = 1.0;
				PRODUCT_BUNDLE_IDENTIFIER = com.hellodubrovsky.Navigation;
				PRODUCT_NAME = "$(TARGET_NAME)";
				SWIFT_EMIT_LOC_STRINGS = YES;
				SWIFT_VERSION = 5.0;
				TARGETED_DEVICE_FAMILY = 1;
			};
			name = Debug;
		};
		F49DC38D27515434004F9DCE /* Release */ = {
			isa = XCBuildConfiguration;
			buildSettings = {
				ASSETCATALOG_COMPILER_APPICON_NAME = AppIcon;
				ASSETCATALOG_COMPILER_GLOBAL_ACCENT_COLOR_NAME = AccentColor;
				CODE_SIGN_STYLE = Automatic;
				CURRENT_PROJECT_VERSION = 1;
				DEVELOPMENT_TEAM = SX29N764W2;
				GENERATE_INFOPLIST_FILE = YES;
				INFOPLIST_FILE = Navigation/Info.plist;
				INFOPLIST_KEY_UIApplicationSupportsIndirectInputEvents = YES;
				INFOPLIST_KEY_UILaunchStoryboardName = LaunchScreen;
				INFOPLIST_KEY_UISupportedInterfaceOrientations_iPad = "UIInterfaceOrientationPortrait UIInterfaceOrientationPortraitUpsideDown UIInterfaceOrientationLandscapeLeft UIInterfaceOrientationLandscapeRight";
				INFOPLIST_KEY_UISupportedInterfaceOrientations_iPhone = "UIInterfaceOrientationPortrait UIInterfaceOrientationLandscapeLeft UIInterfaceOrientationLandscapeRight";
				LD_RUNPATH_SEARCH_PATHS = (
					"$(inherited)",
					"@executable_path/Frameworks",
				);
				MARKETING_VERSION = 1.0;
				PRODUCT_BUNDLE_IDENTIFIER = com.hellodubrovsky.Navigation;
				PRODUCT_NAME = "$(TARGET_NAME)";
				SWIFT_EMIT_LOC_STRINGS = YES;
				SWIFT_VERSION = 5.0;
				TARGETED_DEVICE_FAMILY = 1;
			};
			name = Release;
		};
/* End XCBuildConfiguration section */

/* Begin XCConfigurationList section */
		F49DC37227515432004F9DCE /* Build configuration list for PBXProject "Navigation" */ = {
			isa = XCConfigurationList;
			buildConfigurations = (
				F49DC38927515434004F9DCE /* Debug */,
				F49DC38A27515434004F9DCE /* Release */,
			);
			defaultConfigurationIsVisible = 0;
			defaultConfigurationName = Release;
		};
		F49DC38B27515434004F9DCE /* Build configuration list for PBXNativeTarget "Navigation" */ = {
			isa = XCConfigurationList;
			buildConfigurations = (
				F49DC38C27515434004F9DCE /* Debug */,
				F49DC38D27515434004F9DCE /* Release */,
			);
			defaultConfigurationIsVisible = 0;
			defaultConfigurationName = Release;
		};
/* End XCConfigurationList section */
	};
	rootObject = F49DC36F27515432004F9DCE /* Project object */;
}
